
Microsoft Visual Studio Solution File, Format Version 12.00
# Visual Studio 14
VisualStudioVersion = 14.0.25420.1
MinimumVisualStudioVersion = 10.0.40219.1
Project("{FAE04EC0-301F-11D3-BF4B-00C04F79EFBC}") = "12_AvengersAir", "12_AvengersAir\12_AvengersAir.csproj", "{90892087-F605-49C8-8876-9E7109CA9735}"
EndProject
Global
	GlobalSection(SolutionConfigurationPlatforms) = preSolution
		Debug|Any CPU = Debug|Any CPU
		Release|Any CPU = Release|Any CPU
	EndGlobalSection
	GlobalSection(ProjectConfigurationPlatforms) = postSolution
		{90892087-F605-49C8-8876-9E7109CA9735}.Debug|Any CPU.ActiveCfg = Debug|Any CPU
		{90892087-F605-49C8-8876-9E7109CA9735}.Debug|Any CPU.Build.0 = Debug|Any CPU
		{90892087-F605-49C8-8876-9E7109CA9735}.Release|Any CPU.ActiveCfg = Release|Any CPU
		{90892087-F605-49C8-8876-9E7109CA9735}.Release|Any CPU.Build.0 = Release|Any CPU
	EndGlobalSection
	GlobalSection(SolutionProperties) = preSolution
		HideSolutionNode = FALSE
	EndGlobalSection
EndGlobal
